{
  "name": "Simon",
  "lockfileVersion": 2,
  "requires": true,
  "packages": {
    "": {
      "dependencies": {
        "dom-fader": "^2.0.2"
      }
    },
    "node_modules/dom-fader": {
      "version": "2.0.2",
      "resolved": "https://registry.npmjs.org/dom-fader/-/dom-fader-2.0.2.tgz",
      "integrity": "sha512-QCtEYFvpSIBuW4+IeBsH6JLseiyCti70T4gj2TmdxnUXjPfcveVin4jJnjwEG3UzHa/aOyl0x6Q462klofrFfQ=="
    }
  },
  "dependencies": {
    "dom-fader": {
      "version": "2.0.2",
      "resolved": "https://registry.npmjs.org/dom-fader/-/dom-fader-2.0.2.tgz",
      "integrity": "sha512-QCtEYFvpSIBuW4+IeBsH6JLseiyCti70T4gj2TmdxnUXjPfcveVin4jJnjwEG3UzHa/aOyl0x6Q462klofrFfQ=="
    }
  }
}
